<?xml version="1.0" encoding="utf-8"?>
<Project ToolsVersion="4.0" xmlns="http://schemas.microsoft.com/developer/msbuild/2003">
  <ItemGroup>
    <Filter Include="源文件">
      <UniqueIdentifier>{4FC737F1-C7A5-4376-A066-2A32D752A2FF}</UniqueIdentifier>
      <Extensions>cpp;c;cc;cxx;c++;cppm;ixx;def;odl;idl;hpj;bat;asm;asmx</Extensions>
    </Filter>
    <Filter Include="头文件">
      <UniqueIdentifier>{93995380-89BD-4b04-88EB-625FBE52EBFB}</UniqueIdentifier>
      <Extensions>h;hh;hpp;hxx;h++;hm;inl;inc;ipp;xsd</Extensions>
    </Filter>
    <Filter Include="资源文件">
      <UniqueIdentifier>{67DA6AB6-F800-4c08-8B7A-83BB121AAD01}</UniqueIdentifier>
      <Extensions>rc;ico;cur;bmp;dlg;rc2;rct;bin;rgs;gif;jpg;jpeg;jpe;resx;tiff;tif;png;wav;mfcribbon-ms</Extensions>
    </Filter>
  </ItemGroup>
  <ItemGroup>
    <ClCompile Include="core\Accept.cpp">
      <Filter>源文件</Filter>
    </ClCompile>
    <ClCompile Include="core\ByteBuffer.cpp">
      <Filter>源文件</Filter>
    </ClCompile>
    <ClCompile Include="core\ColorConsoleAppender.cpp">
      <Filter>源文件</Filter>
    </ClCompile>
    <ClCompile Include="core\FileAppender.cpp">
      <Filter>源文件</Filter>
    </ClCompile>
    <ClCompile Include="core\GameTime.cpp">
      <Filter>源文件</Filter>
    </ClCompile>
    <ClCompile Include="core\MsgTask.cpp">
      <Filter>源文件</Filter>
    </ClCompile>
    <ClCompile Include="core\NetThread.cpp">
      <Filter>源文件</Filter>
    </ClCompile>
    <ClCompile Include="core\ServerApp.cpp">
      <Filter>源文件</Filter>
    </ClCompile>
    <ClCompile Include="core\Session.cpp">
      <Filter>源文件</Filter>
    </ClCompile>
    <ClCompile Include="core\Socket.cpp">
      <Filter>源文件</Filter>
    </ClCompile>
    <ClCompile Include="core\SocketMgr.cpp">
      <Filter>源文件</Filter>
    </ClCompile>
    <ClCompile Include="core\TableParser.cpp">
      <Filter>源文件</Filter>
    </ClCompile>
    <ClCompile Include="core\TableReader.cpp">
      <Filter>源文件</Filter>
    </ClCompile>
    <ClCompile Include="core\Util.cpp">
      <Filter>源文件</Filter>
    </ClCompile>
    <ClCompile Include="core\XSocket.cpp">
      <Filter>源文件</Filter>
    </ClCompile>
    <ClCompile Include="core\Minidump\mdump.cpp">
      <Filter>源文件</Filter>
    </ClCompile>
    <ClCompile Include="core\Cpps.cpp">
      <Filter>源文件</Filter>
    </ClCompile>
    <ClCompile Include="core\HttpParam.cpp">
      <Filter>源文件</Filter>
    </ClCompile>
  </ItemGroup>
  <ItemGroup>
    <ClInclude Include="core\Accept.h">
      <Filter>源文件</Filter>
    </ClInclude>
    <ClInclude Include="core\atomicops.h">
      <Filter>源文件</Filter>
    </ClInclude>
    <ClInclude Include="core\BaseType.h">
      <Filter>源文件</Filter>
    </ClInclude>
    <ClInclude Include="core\ByteBuffer.h">
      <Filter>源文件</Filter>
    </ClInclude>
    <ClInclude Include="core\ByteConverter.h">
      <Filter>源文件</Filter>
    </ClInclude>
    <ClInclude Include="core\ColorConsoleAppender.h">
      <Filter>源文件</Filter>
    </ClInclude>
    <ClInclude Include="core\FileAppender.h">
      <Filter>源文件</Filter>
    </ClInclude>
    <ClInclude Include="core\GameTime.h">
      <Filter>源文件</Filter>
    </ClInclude>
    <ClInclude Include="core\IAppender.h">
      <Filter>源文件</Filter>
    </ClInclude>
    <ClInclude Include="core\ISplit.h">
      <Filter>源文件</Filter>
    </ClInclude>
    <ClInclude Include="core\LinkedList.h">
      <Filter>源文件</Filter>
    </ClInclude>
    <ClInclude Include="core\Log.h">
      <Filter>源文件</Filter>
    </ClInclude>
    <ClInclude Include="core\LogDef.h">
      <Filter>源文件</Filter>
    </ClInclude>
    <ClInclude Include="core\Logger.h">
      <Filter>源文件</Filter>
    </ClInclude>
    <ClInclude Include="core\MemPool.h">
      <Filter>源文件</Filter>
    </ClInclude>
    <ClInclude Include="core\MessageBuffer.h">
      <Filter>源文件</Filter>
    </ClInclude>
    <ClInclude Include="core\MsgQueue.h">
      <Filter>源文件</Filter>
    </ClInclude>
    <ClInclude Include="core\MsgTask.h">
      <Filter>源文件</Filter>
    </ClInclude>
    <ClInclude Include="core\NetDef.h">
      <Filter>源文件</Filter>
    </ClInclude>
    <ClInclude Include="core\NetEvent.h">
      <Filter>源文件</Filter>
    </ClInclude>
    <ClInclude Include="core\NetPacket.h">
      <Filter>源文件</Filter>
    </ClInclude>
    <ClInclude Include="core\NetThread.h">
      <Filter>源文件</Filter>
    </ClInclude>
    <ClInclude Include="core\Platform.h">
      <Filter>源文件</Filter>
    </ClInclude>
    <ClInclude Include="core\ProducerConsumerQueue.h">
      <Filter>源文件</Filter>
    </ClInclude>
    <ClInclude Include="core\readerwritercircularbuffer.h">
      <Filter>源文件</Filter>
    </ClInclude>
    <ClInclude Include="core\readerwriterqueue.h">
      <Filter>源文件</Filter>
    </ClInclude>
    <ClInclude Include="core\Record.h">
      <Filter>源文件</Filter>
    </ClInclude>
    <ClInclude Include="core\ServerApp.h">
      <Filter>源文件</Filter>
    </ClInclude>
    <ClInclude Include="core\Session.h">
      <Filter>源文件</Filter>
    </ClInclude>
    <ClInclude Include="core\simple_segregated_storage.hpp">
      <Filter>源文件</Filter>
    </ClInclude>
    <ClInclude Include="core\Socket.h">
      <Filter>源文件</Filter>
    </ClInclude>
    <ClInclude Include="core\SocketMgr.h">
      <Filter>源文件</Filter>
    </ClInclude>
    <ClInclude Include="core\SpinLock.h">
      <Filter>源文件</Filter>
    </ClInclude>
    <ClInclude Include="core\TableParser.h">
      <Filter>源文件</Filter>
    </ClInclude>
    <ClInclude Include="core\TableReader.h">
      <Filter>源文件</Filter>
    </ClInclude>
    <ClInclude Include="core\Timer.h">
      <Filter>源文件</Filter>
    </ClInclude>
    <ClInclude Include="core\Util.h">
      <Filter>源文件</Filter>
    </ClInclude>
    <ClInclude Include="core\XSocket.h">
      <Filter>源文件</Filter>
    </ClInclude>
    <ClInclude Include="core\Post.h">
      <Filter>源文件</Filter>
    </ClInclude>
    <ClInclude Include="core\HttpServer.h">
      <Filter>源文件</Filter>
    </ClInclude>
    <ClInclude Include="core\HttpClientMgr.h">
      <Filter>源文件</Filter>
    </ClInclude>
    <ClInclude Include="core\HttpParam.h">
      <Filter>源文件</Filter>
    </ClInclude>
    <ClInclude Include="core\ObjectPool.h">
      <Filter>头文件</Filter>
    </ClInclude>
  </ItemGroup>
</Project>