<?xml version="1.0" encoding="utf-8"?>
<Project ToolsVersion="4.0" xmlns="http://schemas.microsoft.com/developer/msbuild/2003">
  <ItemGroup>
    <Filter Include="源文件">
      <UniqueIdentifier>{4FC737F1-C7A5-4376-A066-2A32D752A2FF}</UniqueIdentifier>
      <Extensions>cpp;c;cc;cxx;c++;cppm;ixx;def;odl;idl;hpj;bat;asm;asmx</Extensions>
    </Filter>
    <Filter Include="头文件">
      <UniqueIdentifier>{93995380-89BD-4b04-88EB-625FBE52EBFB}</UniqueIdentifier>
      <Extensions>h;hh;hpp;hxx;h++;hm;inl;inc;ipp;xsd</Extensions>
    </Filter>
    <Filter Include="资源文件">
      <UniqueIdentifier>{67DA6AB6-F800-4c08-8B7A-83BB121AAD01}</UniqueIdentifier>
      <Extensions>rc;ico;cur;bmp;dlg;rc2;rct;bin;rgs;gif;jpg;jpeg;jpe;resx;tiff;tif;png;wav;mfcribbon-ms</Extensions>
    </Filter>
    <Filter Include="mysql">
      <UniqueIdentifier>{8b26c660-33a2-4373-b1e5-e802c6c8ec04}</UniqueIdentifier>
    </Filter>
    <Filter Include="table">
      <UniqueIdentifier>{40527b68-1a21-48ce-b403-5476a9f9207e}</UniqueIdentifier>
    </Filter>
    <Filter Include="share">
      <UniqueIdentifier>{f8014fb8-6084-4ac6-8a0d-d6b84ef3e6ff}</UniqueIdentifier>
    </Filter>
  </ItemGroup>
  <ItemGroup>
    <ClCompile Include="db\main.cpp">
      <Filter>源文件</Filter>
    </ClCompile>
    <ClCompile Include="db\DbServer.cpp">
      <Filter>源文件</Filter>
    </ClCompile>
    <ClCompile Include="core\Database\Database.cpp">
      <Filter>mysql</Filter>
    </ClCompile>
    <ClCompile Include="core\Database\DBTask.cpp">
      <Filter>mysql</Filter>
    </ClCompile>
    <ClCompile Include="core\Database\MySqlCommon.cpp">
      <Filter>mysql</Filter>
    </ClCompile>
    <ClCompile Include="core\Database\MySqlConnect.cpp">
      <Filter>mysql</Filter>
    </ClCompile>
    <ClCompile Include="core\Database\SqlResultSet.cpp">
      <Filter>mysql</Filter>
    </ClCompile>
    <ClCompile Include="core\Database\SqlStatement.cpp">
      <Filter>mysql</Filter>
    </ClCompile>
    <ClCompile Include="common\ServerConfig.cpp">
      <Filter>源文件</Filter>
    </ClCompile>
    <ClCompile Include="db\ServerTask.cpp">
      <Filter>源文件</Filter>
    </ClCompile>
    <ClCompile Include="db\SessionMgr.cpp">
      <Filter>源文件</Filter>
    </ClCompile>
    <ClCompile Include="db\MsgHandler.cpp">
      <Filter>源文件</Filter>
    </ClCompile>
    <ClCompile Include="db\DBMgr.cpp">
      <Filter>源文件</Filter>
    </ClCompile>
    <ClCompile Include="db\TAccount.cpp">
      <Filter>table</Filter>
    </ClCompile>
    <ClCompile Include="db\TPlayer.cpp">
      <Filter>table</Filter>
    </ClCompile>
    <ClCompile Include="db_share\DBPlayer.cpp">
      <Filter>share</Filter>
    </ClCompile>
  </ItemGroup>
  <ItemGroup>
    <ClInclude Include="db\DbServer.h">
      <Filter>头文件</Filter>
    </ClInclude>
    <ClInclude Include="core\Database\Database.h">
      <Filter>mysql</Filter>
    </ClInclude>
    <ClInclude Include="core\Database\DBTask.h">
      <Filter>mysql</Filter>
    </ClInclude>
    <ClInclude Include="core\Database\MySqlCommon.h">
      <Filter>mysql</Filter>
    </ClInclude>
    <ClInclude Include="core\Database\MySqlConnect.h">
      <Filter>mysql</Filter>
    </ClInclude>
    <ClInclude Include="core\Database\SqlResultSet.h">
      <Filter>mysql</Filter>
    </ClInclude>
    <ClInclude Include="core\Database\SqlStatement.h">
      <Filter>mysql</Filter>
    </ClInclude>
    <ClInclude Include="common\ServerConfig.h">
      <Filter>头文件</Filter>
    </ClInclude>
    <ClInclude Include="db\ServerTask.h">
      <Filter>头文件</Filter>
    </ClInclude>
    <ClInclude Include="db\SessionMgr.h">
      <Filter>头文件</Filter>
    </ClInclude>
    <ClInclude Include="common\MsgProtocol.h">
      <Filter>头文件</Filter>
    </ClInclude>
    <ClInclude Include="db\MsgHandler.h">
      <Filter>源文件</Filter>
    </ClInclude>
    <ClInclude Include="db\DBMgr.h">
      <Filter>头文件</Filter>
    </ClInclude>
    <ClInclude Include="db\TAccount.h">
      <Filter>table</Filter>
    </ClInclude>
    <ClInclude Include="db\DbGlobal.h">
      <Filter>头文件</Filter>
    </ClInclude>
    <ClInclude Include="db\TPlayer.h">
      <Filter>table</Filter>
    </ClInclude>
    <ClInclude Include="db_share\DBPlayer.h">
      <Filter>share</Filter>
    </ClInclude>
  </ItemGroup>
</Project>